
Microsoft Visual Studio Solution File, Format Version 12.00
# Visual Studio Version 17
VisualStudioVersion = 17.10.34916.146
MinimumVisualStudioVersion = 10.0.40219.1
Project("{FAE04EC0-301F-11D3-BF4B-00C04F79EFBC}") = "KotWButach", "KotWButach.csproj", "{EF1BBF43-9D97-4927-BB3D-6C1C2E5F2975}"
EndProject
Global
	GlobalSection(SolutionConfigurationPlatforms) = preSolution
		Debug|Any CPU = Debug|Any CPU
		Release|Any CPU = Release|Any CPU
	EndGlobalSection
	GlobalSection(ProjectConfigurationPlatforms) = postSolution
		{EF1BBF43-9D97-4927-BB3D-6C1C2E5F2975}.Debug|Any CPU.ActiveCfg = Debug|Any CPU
		{EF1BBF43-9D97-4927-BB3D-6C1C2E5F2975}.Debug|Any CPU.Build.0 = Debug|Any CPU
		{EF1BBF43-9D97-4927-BB3D-6C1C2E5F2975}.Release|Any CPU.ActiveCfg = Release|Any CPU
		{EF1BBF43-9D97-4927-BB3D-6C1C2E5F2975}.Release|Any CPU.Build.0 = Release|Any CPU
	EndGlobalSection
	GlobalSection(SolutionProperties) = preSolution
		HideSolutionNode = FALSE
	EndGlobalSection
	GlobalSection(ExtensibilityGlobals) = postSolution
		SolutionGuid = {4E1A8CDD-66E2-4A5F-81B8-4D155304C908}
	EndGlobalSection
EndGlobal
